
Microsoft Visual Studio Solution File, Format Version 12.00
# Visual Studio Version 17
VisualStudioVersion = 17.14.36804.6 d17.14
MinimumVisualStudioVersion = 10.0.40219.1
Project("{FAE04EC0-301F-11D3-BF4B-00C04F79EFBC}") = "MyDiary", "MyDiary\MyDiary.csproj", "{624D7E4D-B712-4A0E-8AE0-C4199E2195E7}"
EndProject
Global
	GlobalSection(SolutionConfigurationPlatforms) = preSolution
		Debug|Any CPU = Debug|Any CPU
		Release|Any CPU = Release|Any CPU
	EndGlobalSection
	GlobalSection(ProjectConfigurationPlatforms) = postSolution
		{624D7E4D-B712-4A0E-8AE0-C4199E2195E7}.Debug|Any CPU.ActiveCfg = Debug|Any CPU
		{624D7E4D-B712-4A0E-8AE0-C4199E2195E7}.Debug|Any CPU.Build.0 = Debug|Any CPU
		{624D7E4D-B712-4A0E-8AE0-C4199E2195E7}.Release|Any CPU.ActiveCfg = Release|Any CPU
		{624D7E4D-B712-4A0E-8AE0-C4199E2195E7}.Release|Any CPU.Build.0 = Release|Any CPU
	EndGlobalSection
	GlobalSection(SolutionProperties) = preSolution
		HideSolutionNode = FALSE
	EndGlobalSection
	GlobalSection(ExtensibilityGlobals) = postSolution
		SolutionGuid = {A4F4C82D-E049-4DD6-8DAA-5DE4151C2D37}
	EndGlobalSection
EndGlobal
